
Microsoft Visual Studio Solution File, Format Version 12.00
# Visual Studio Version 17
VisualStudioVersion = 17.9.34622.214
MinimumVisualStudioVersion = 10.0.40219.1
Project("{FAE04EC0-301F-11D3-BF4B-00C04F79EFBC}") = "Parking", "Parking\Parking.csproj", "{3D1FE730-B0C5-44E6-9E58-0AB5B83D9713}"
EndProject
Global
	GlobalSection(SolutionConfigurationPlatforms) = preSolution
		Debug|Any CPU = Debug|Any CPU
		Release|Any CPU = Release|Any CPU
	EndGlobalSection
	GlobalSection(ProjectConfigurationPlatforms) = postSolution
		{3D1FE730-B0C5-44E6-9E58-0AB5B83D9713}.Debug|Any CPU.ActiveCfg = Debug|Any CPU
		{3D1FE730-B0C5-44E6-9E58-0AB5B83D9713}.Debug|Any CPU.Build.0 = Debug|Any CPU
		{3D1FE730-B0C5-44E6-9E58-0AB5B83D9713}.Release|Any CPU.ActiveCfg = Release|Any CPU
		{3D1FE730-B0C5-44E6-9E58-0AB5B83D9713}.Release|Any CPU.Build.0 = Release|Any CPU
	EndGlobalSection
	GlobalSection(SolutionProperties) = preSolution
		HideSolutionNode = FALSE
	EndGlobalSection
	GlobalSection(ExtensibilityGlobals) = postSolution
		SolutionGuid = {048103D4-8A9E-4F1B-BFE5-23555BFB955A}
	EndGlobalSection
EndGlobal
